
Microsoft Visual Studio Solution File, Format Version 12.00
# Visual Studio 15
VisualStudioVersion = 15.0.28010.2016
MinimumVisualStudioVersion = 10.0.40219.1
Project("{FAE04EC0-301F-11D3-BF4B-00C04F79EFBC}") = "StudentWebService", "StudentWebService\StudentWebService.csproj", "{DEE27774-5681-4924-B022-A8A476A043D1}"
EndProject
Project("{FAE04EC0-301F-11D3-BF4B-00C04F79EFBC}") = "StudentWebService.Console.Test", "StudentWebService.Console.Test\StudentWebService.Console.Test.csproj", "{E8D4DE20-E530-4F70-9C28-E4C97FFB7076}"
EndProject
Global
	GlobalSection(SolutionConfigurationPlatforms) = preSolution
		Debug|Any CPU = Debug|Any CPU
		Release|Any CPU = Release|Any CPU
	EndGlobalSection
	GlobalSection(ProjectConfigurationPlatforms) = postSolution
		{DEE27774-5681-4924-B022-A8A476A043D1}.Debug|Any CPU.ActiveCfg = Debug|Any CPU
		{DEE27774-5681-4924-B022-A8A476A043D1}.Debug|Any CPU.Build.0 = Debug|Any CPU
		{DEE27774-5681-4924-B022-A8A476A043D1}.Release|Any CPU.ActiveCfg = Release|Any CPU
		{DEE27774-5681-4924-B022-A8A476A043D1}.Release|Any CPU.Build.0 = Release|Any CPU
		{E8D4DE20-E530-4F70-9C28-E4C97FFB7076}.Debug|Any CPU.ActiveCfg = Debug|Any CPU
		{E8D4DE20-E530-4F70-9C28-E4C97FFB7076}.Debug|Any CPU.Build.0 = Debug|Any CPU
		{E8D4DE20-E530-4F70-9C28-E4C97FFB7076}.Release|Any CPU.ActiveCfg = Release|Any CPU
		{E8D4DE20-E530-4F70-9C28-E4C97FFB7076}.Release|Any CPU.Build.0 = Release|Any CPU
	EndGlobalSection
	GlobalSection(SolutionProperties) = preSolution
		HideSolutionNode = FALSE
	EndGlobalSection
	GlobalSection(ExtensibilityGlobals) = postSolution
		SolutionGuid = {53325DDC-4550-45E1-94F6-1DCBBC3A3FBD}
	EndGlobalSection
EndGlobal
